
Microsoft Visual Studio Solution File, Format Version 12.00
# Visual Studio 15
VisualStudioVersion = 15.0.26403.0
MinimumVisualStudioVersion = 10.0.40219.1
Project("{2150E333-8FDC-42A3-9474-1A3956D46DE8}") = "03 Dominio", "03 Dominio", "{96B3C8E4-CE61-4495-BF91-EBB8E091D16B}"
EndProject
Project("{2150E333-8FDC-42A3-9474-1A3956D46DE8}") = "99 Core", "99 Core", "{C4113071-22F6-498F-AD28-20BAE2B63C30}"
EndProject
Project("{2150E333-8FDC-42A3-9474-1A3956D46DE8}") = "05 Transversal", "05 Transversal", "{C266D2AA-A1A6-41E4-9FC7-B6E483CB9C84}"
EndProject
Project("{FAE04EC0-301F-11D3-BF4B-00C04F79EFBC}") = "HS.Almacen.Transporte", "Transversal\HS.Almacen.Transporte\HS.Almacen.Transporte.csproj", "{0472F61E-33DD-418A-9384-F9BF4A5F9B69}"
EndProject
Project("{FAE04EC0-301F-11D3-BF4B-00C04F79EFBC}") = "HS.Core.Persistencia.NHibernate", "..\..\hs-core\fuente\Infraestructura\HS.Core.Persistencia.NHibernate\HS.Core.Persistencia.NHibernate.csproj", "{7068C82F-7C29-4FBF-BED6-3A55859FD388}"
EndProject
Project("{FAE04EC0-301F-11D3-BF4B-00C04F79EFBC}") = "HS.Almacen.Dominio.Test", "Dominio\HS.Almacen.Dominio.Test\HS.Almacen.Dominio.Test.csproj", "{992799E9-FE44-410E-AE5B-D9BACAE9F1AF}"
EndProject
Project("{FAE04EC0-301F-11D3-BF4B-00C04F79EFBC}") = "HS.Almacen.Dominio.Impl", "Dominio\HS.Almacen.Dominio.Impl\HS.Almacen.Dominio.Impl.csproj", "{D36B6AD0-643D-4AE4-806C-DD2CB7C688F7}"
EndProject
Project("{2150E333-8FDC-42A3-9474-1A3956D46DE8}") = "98 Comun", "98 Comun", "{CC70BEE7-44DD-4274-819E-3BACF20EC465}"
EndProject
Project("{9A19103F-16F7-4668-BE54-9A1E7A4F7556}") = "HS.Comun.Dominio.Impl", "..\..\hs-comun\fuente\HS.Comun.Dominio.Impl\HS.Comun.Dominio.Impl.csproj", "{10D4B2E0-7B5B-4E73-AE4A-0D48B364D735}"
EndProject
Project("{2150E333-8FDC-42A3-9474-1A3956D46DE8}") = "02 Aplicacion", "02 Aplicacion", "{57D2BE7B-52F7-4C0E-82CC-BA7F2D1A27FA}"
EndProject
Project("{2150E333-8FDC-42A3-9474-1A3956D46DE8}") = "01 Distribucion", "01 Distribucion", "{EB5D8E23-C1AC-4F94-A9FE-8B45825DB25C}"
EndProject
Project("{FAE04EC0-301F-11D3-BF4B-00C04F79EFBC}") = "HS.Almacen.WebApi", "Distribucion\HS.Almacen.WebApi\HS.Almacen.WebApi.csproj", "{BFFF4A7D-ECED-44F0-B29A-F704BEF12C48}"
EndProject
Project("{FAE04EC0-301F-11D3-BF4B-00C04F79EFBC}") = "HS.Core.WebApi", "..\..\hs-core\fuente\Distribucion\HS.Core.WebApi\HS.Core.WebApi.csproj", "{567E591A-3464-4ACD-832C-7B39510F7742}"
EndProject
Project("{FAE04EC0-301F-11D3-BF4B-00C04F79EFBC}") = "HS.Core.Aplicacion", "..\..\hs-core\fuente\Aplicacion\HS.Core.Aplicacion\HS.Core.Aplicacion.csproj", "{31BEFF87-1B1E-48B5-918E-645577416DF1}"
EndProject
Project("{FAE04EC0-301F-11D3-BF4B-00C04F79EFBC}") = "HS.Core.Dominio", "..\..\hs-core\fuente\Dominio\HS.Core.Dominio\HS.Core.Dominio.csproj", "{23616759-7EC1-4C45-9C03-13A954D9372D}"
EndProject
Project("{FAE04EC0-301F-11D3-BF4B-00C04F79EFBC}") = "HS.Comun.Dominio", "..\..\hs-comun\fuente\HS.Comun.Dominio\HS.Comun.Dominio.csproj", "{23230FF8-DB56-4036-9EEA-1DAD1B029D4C}"
EndProject
Project("{FAE04EC0-301F-11D3-BF4B-00C04F79EFBC}") = "HS.Almacen.Dominio", "Dominio\HS.Almacen.Dominio\HS.Almacen.Dominio.csproj", "{C65BDB0C-8D8C-4AE1-BDBD-E25618D2DAC2}"
EndProject
Project("{FAE04EC0-301F-11D3-BF4B-00C04F79EFBC}") = "HS.Comun.Dominio.Mock", "..\..\hs-comun\fuente\HS.Comun.Dominio.Mock\HS.Comun.Dominio.Mock.csproj", "{6F45BB70-420F-4ACF-A507-F40860058F6C}"
EndProject
Project("{FAE04EC0-301F-11D3-BF4B-00C04F79EFBC}") = "HS.Almacen.Aplicacion", "Aplicacion\HS.Almacen.Aplicacion\HS.Almacen.Aplicacion.csproj", "{DADA1EE9-6001-4100-B27E-519BDEF08BF2}"
EndProject
Project("{FAE04EC0-301F-11D3-BF4B-00C04F79EFBC}") = "HS.Almacen.Aplicacion.Impl", "Aplicacion\HS.Almacen.Aplicacion.Impl\HS.Almacen.Aplicacion.Impl.csproj", "{CAE75F62-65C3-405C-B94E-EAF03FC663C1}"
EndProject
Project("{2150E333-8FDC-42A3-9474-1A3956D46DE8}") = "04 Infraestructura", "04 Infraestructura", "{42AE387D-3C34-4A62-8BCE-90C4512BC2EB}"
EndProject
Project("{FAE04EC0-301F-11D3-BF4B-00C04F79EFBC}") = "HS.Almacen.Persistencia.NHibernate", "Infraestructura\HS.Almacen.Persistencia.NHibernate\HS.Almacen.Persistencia.NHibernate.csproj", "{BA4F9E06-8715-4838-B1F3-A465854E4398}"
EndProject
Project("{FAE04EC0-301F-11D3-BF4B-00C04F79EFBC}") = "HS.Almacen.Consola", "Distribucion\HS.Almacen.Consola\HS.Almacen.Consola.csproj", "{DEAB9D05-55A0-410A-AA25-CDA6EEEE0DEF}"
EndProject
Project("{FAE04EC0-301F-11D3-BF4B-00C04F79EFBC}") = "HS.Almacen.InitData", "Infraestructura\HS.Almacen.InitData\HS.Almacen.InitData.csproj", "{7125E566-C33B-44D2-8B2E-9A56828FC2B1}"
EndProject
Project("{00D1A9C2-B5F0-4AF3-8072-F6C62B433612}") = "HS.Almacen.BaseDatos", "Infraestructura\HS.Almacen.BaseDatos\HS.Almacen.BaseDatos.sqlproj", "{0806DCA9-2C8E-4319-B5EC-69AD5F3E9A61}"
EndProject
Project("{FAE04EC0-301F-11D3-BF4B-00C04F79EFBC}") = "HS.Core.Config", "..\..\hs-core\fuente\Aplicacion\HS.Core.Config\HS.Core.Config.csproj", "{59577D84-4953-4B59-9AAE-A046515C440D}"
EndProject
Project("{FAE04EC0-301F-11D3-BF4B-00C04F79EFBC}") = "HS.Comun.Config", "..\..\hs-comun\fuente\HS.Comun.Config\HS.Comun.Config.csproj", "{6E77B1CE-6509-49B7-B80D-9ECFCF4BE18B}"
EndProject
Project("{FAE04EC0-301F-11D3-BF4B-00C04F79EFBC}") = "HS.Almacen.Config", "Distribucion\HS.Almacen.Config\HS.Almacen.Config.csproj", "{30268306-D3B5-46FD-BA33-F3776543CB7A}"
EndProject
Project("{FAE04EC0-301F-11D3-BF4B-00C04F79EFBC}") = "HS.Core.Logging", "..\..\hs-core\fuente\Infraestructura\HS.Core.Logging\HS.Core.Logging.csproj", "{EC5635AB-DE6C-4A65-85AC-DDF730127992}"
EndProject
Global
	GlobalSection(SolutionConfigurationPlatforms) = preSolution
		Debug|Any CPU = Debug|Any CPU
		Release|Any CPU = Release|Any CPU
	EndGlobalSection
	GlobalSection(ProjectConfigurationPlatforms) = postSolution
		{0472F61E-33DD-418A-9384-F9BF4A5F9B69}.Debug|Any CPU.ActiveCfg = Debug|Any CPU
		{0472F61E-33DD-418A-9384-F9BF4A5F9B69}.Debug|Any CPU.Build.0 = Debug|Any CPU
		{0472F61E-33DD-418A-9384-F9BF4A5F9B69}.Release|Any CPU.ActiveCfg = Release|Any CPU
		{0472F61E-33DD-418A-9384-F9BF4A5F9B69}.Release|Any CPU.Build.0 = Release|Any CPU
		{7068C82F-7C29-4FBF-BED6-3A55859FD388}.Debug|Any CPU.ActiveCfg = Debug|Any CPU
		{7068C82F-7C29-4FBF-BED6-3A55859FD388}.Debug|Any CPU.Build.0 = Debug|Any CPU
		{7068C82F-7C29-4FBF-BED6-3A55859FD388}.Release|Any CPU.ActiveCfg = Release|Any CPU
		{7068C82F-7C29-4FBF-BED6-3A55859FD388}.Release|Any CPU.Build.0 = Release|Any CPU
		{992799E9-FE44-410E-AE5B-D9BACAE9F1AF}.Debug|Any CPU.ActiveCfg = Debug|Any CPU
		{992799E9-FE44-410E-AE5B-D9BACAE9F1AF}.Debug|Any CPU.Build.0 = Debug|Any CPU
		{992799E9-FE44-410E-AE5B-D9BACAE9F1AF}.Release|Any CPU.ActiveCfg = Release|Any CPU
		{992799E9-FE44-410E-AE5B-D9BACAE9F1AF}.Release|Any CPU.Build.0 = Release|Any CPU
		{D36B6AD0-643D-4AE4-806C-DD2CB7C688F7}.Debug|Any CPU.ActiveCfg = Debug|Any CPU
		{D36B6AD0-643D-4AE4-806C-DD2CB7C688F7}.Debug|Any CPU.Build.0 = Debug|Any CPU
		{D36B6AD0-643D-4AE4-806C-DD2CB7C688F7}.Release|Any CPU.ActiveCfg = Release|Any CPU
		{D36B6AD0-643D-4AE4-806C-DD2CB7C688F7}.Release|Any CPU.Build.0 = Release|Any CPU
		{10D4B2E0-7B5B-4E73-AE4A-0D48B364D735}.Debug|Any CPU.ActiveCfg = Debug|Any CPU
		{10D4B2E0-7B5B-4E73-AE4A-0D48B364D735}.Debug|Any CPU.Build.0 = Debug|Any CPU
		{10D4B2E0-7B5B-4E73-AE4A-0D48B364D735}.Release|Any CPU.ActiveCfg = Release|Any CPU
		{10D4B2E0-7B5B-4E73-AE4A-0D48B364D735}.Release|Any CPU.Build.0 = Release|Any CPU
		{BFFF4A7D-ECED-44F0-B29A-F704BEF12C48}.Debug|Any CPU.ActiveCfg = Debug|Any CPU
		{BFFF4A7D-ECED-44F0-B29A-F704BEF12C48}.Debug|Any CPU.Build.0 = Debug|Any CPU
		{BFFF4A7D-ECED-44F0-B29A-F704BEF12C48}.Release|Any CPU.ActiveCfg = Release|Any CPU
		{BFFF4A7D-ECED-44F0-B29A-F704BEF12C48}.Release|Any CPU.Build.0 = Release|Any CPU
		{567E591A-3464-4ACD-832C-7B39510F7742}.Debug|Any CPU.ActiveCfg = Debug|Any CPU
		{567E591A-3464-4ACD-832C-7B39510F7742}.Debug|Any CPU.Build.0 = Debug|Any CPU
		{567E591A-3464-4ACD-832C-7B39510F7742}.Release|Any CPU.ActiveCfg = Release|Any CPU
		{567E591A-3464-4ACD-832C-7B39510F7742}.Release|Any CPU.Build.0 = Release|Any CPU
		{31BEFF87-1B1E-48B5-918E-645577416DF1}.Debug|Any CPU.ActiveCfg = Debug|Any CPU
		{31BEFF87-1B1E-48B5-918E-645577416DF1}.Debug|Any CPU.Build.0 = Debug|Any CPU
		{31BEFF87-1B1E-48B5-918E-645577416DF1}.Release|Any CPU.ActiveCfg = Release|Any CPU
		{31BEFF87-1B1E-48B5-918E-645577416DF1}.Release|Any CPU.Build.0 = Release|Any CPU
		{23616759-7EC1-4C45-9C03-13A954D9372D}.Debug|Any CPU.ActiveCfg = Debug|Any CPU
		{23616759-7EC1-4C45-9C03-13A954D9372D}.Debug|Any CPU.Build.0 = Debug|Any CPU
		{23616759-7EC1-4C45-9C03-13A954D9372D}.Release|Any CPU.ActiveCfg = Release|Any CPU
		{23616759-7EC1-4C45-9C03-13A954D9372D}.Release|Any CPU.Build.0 = Release|Any CPU
		{23230FF8-DB56-4036-9EEA-1DAD1B029D4C}.Debug|Any CPU.ActiveCfg = Debug|Any CPU
		{23230FF8-DB56-4036-9EEA-1DAD1B029D4C}.Debug|Any CPU.Build.0 = Debug|Any CPU
		{23230FF8-DB56-4036-9EEA-1DAD1B029D4C}.Release|Any CPU.ActiveCfg = Release|Any CPU
		{23230FF8-DB56-4036-9EEA-1DAD1B029D4C}.Release|Any CPU.Build.0 = Release|Any CPU
		{C65BDB0C-8D8C-4AE1-BDBD-E25618D2DAC2}.Debug|Any CPU.ActiveCfg = Debug|Any CPU
		{C65BDB0C-8D8C-4AE1-BDBD-E25618D2DAC2}.Debug|Any CPU.Build.0 = Debug|Any CPU
		{C65BDB0C-8D8C-4AE1-BDBD-E25618D2DAC2}.Release|Any CPU.ActiveCfg = Release|Any CPU
		{C65BDB0C-8D8C-4AE1-BDBD-E25618D2DAC2}.Release|Any CPU.Build.0 = Release|Any CPU
		{6F45BB70-420F-4ACF-A507-F40860058F6C}.Debug|Any CPU.ActiveCfg = Debug|Any CPU
		{6F45BB70-420F-4ACF-A507-F40860058F6C}.Debug|Any CPU.Build.0 = Debug|Any CPU
		{6F45BB70-420F-4ACF-A507-F40860058F6C}.Release|Any CPU.ActiveCfg = Release|Any CPU
		{6F45BB70-420F-4ACF-A507-F40860058F6C}.Release|Any CPU.Build.0 = Release|Any CPU
		{DADA1EE9-6001-4100-B27E-519BDEF08BF2}.Debug|Any CPU.ActiveCfg = Debug|Any CPU
		{DADA1EE9-6001-4100-B27E-519BDEF08BF2}.Debug|Any CPU.Build.0 = Debug|Any CPU
		{DADA1EE9-6001-4100-B27E-519BDEF08BF2}.Release|Any CPU.ActiveCfg = Release|Any CPU
		{DADA1EE9-6001-4100-B27E-519BDEF08BF2}.Release|Any CPU.Build.0 = Release|Any CPU
		{CAE75F62-65C3-405C-B94E-EAF03FC663C1}.Debug|Any CPU.ActiveCfg = Debug|Any CPU
		{CAE75F62-65C3-405C-B94E-EAF03FC663C1}.Debug|Any CPU.Build.0 = Debug|Any CPU
		{CAE75F62-65C3-405C-B94E-EAF03FC663C1}.Release|Any CPU.ActiveCfg = Release|Any CPU
		{CAE75F62-65C3-405C-B94E-EAF03FC663C1}.Release|Any CPU.Build.0 = Release|Any CPU
		{BA4F9E06-8715-4838-B1F3-A465854E4398}.Debug|Any CPU.ActiveCfg = Debug|Any CPU
		{BA4F9E06-8715-4838-B1F3-A465854E4398}.Debug|Any CPU.Build.0 = Debug|Any CPU
		{BA4F9E06-8715-4838-B1F3-A465854E4398}.Release|Any CPU.ActiveCfg = Release|Any CPU
		{BA4F9E06-8715-4838-B1F3-A465854E4398}.Release|Any CPU.Build.0 = Release|Any CPU
		{DEAB9D05-55A0-410A-AA25-CDA6EEEE0DEF}.Debug|Any CPU.ActiveCfg = Debug|Any CPU
		{DEAB9D05-55A0-410A-AA25-CDA6EEEE0DEF}.Debug|Any CPU.Build.0 = Debug|Any CPU
		{DEAB9D05-55A0-410A-AA25-CDA6EEEE0DEF}.Release|Any CPU.ActiveCfg = Release|Any CPU
		{DEAB9D05-55A0-410A-AA25-CDA6EEEE0DEF}.Release|Any CPU.Build.0 = Release|Any CPU
		{7125E566-C33B-44D2-8B2E-9A56828FC2B1}.Debug|Any CPU.ActiveCfg = Debug|Any CPU
		{7125E566-C33B-44D2-8B2E-9A56828FC2B1}.Debug|Any CPU.Build.0 = Debug|Any CPU
		{7125E566-C33B-44D2-8B2E-9A56828FC2B1}.Release|Any CPU.ActiveCfg = Release|Any CPU
		{7125E566-C33B-44D2-8B2E-9A56828FC2B1}.Release|Any CPU.Build.0 = Release|Any CPU
		{0806DCA9-2C8E-4319-B5EC-69AD5F3E9A61}.Debug|Any CPU.ActiveCfg = Debug|Any CPU
		{0806DCA9-2C8E-4319-B5EC-69AD5F3E9A61}.Debug|Any CPU.Build.0 = Debug|Any CPU
		{0806DCA9-2C8E-4319-B5EC-69AD5F3E9A61}.Debug|Any CPU.Deploy.0 = Debug|Any CPU
		{0806DCA9-2C8E-4319-B5EC-69AD5F3E9A61}.Release|Any CPU.ActiveCfg = Release|Any CPU
		{0806DCA9-2C8E-4319-B5EC-69AD5F3E9A61}.Release|Any CPU.Build.0 = Release|Any CPU
		{0806DCA9-2C8E-4319-B5EC-69AD5F3E9A61}.Release|Any CPU.Deploy.0 = Release|Any CPU
		{59577D84-4953-4B59-9AAE-A046515C440D}.Debug|Any CPU.ActiveCfg = Debug|Any CPU
		{59577D84-4953-4B59-9AAE-A046515C440D}.Debug|Any CPU.Build.0 = Debug|Any CPU
		{59577D84-4953-4B59-9AAE-A046515C440D}.Release|Any CPU.ActiveCfg = Release|Any CPU
		{59577D84-4953-4B59-9AAE-A046515C440D}.Release|Any CPU.Build.0 = Release|Any CPU
		{6E77B1CE-6509-49B7-B80D-9ECFCF4BE18B}.Debug|Any CPU.ActiveCfg = Debug|Any CPU
		{6E77B1CE-6509-49B7-B80D-9ECFCF4BE18B}.Debug|Any CPU.Build.0 = Debug|Any CPU
		{6E77B1CE-6509-49B7-B80D-9ECFCF4BE18B}.Release|Any CPU.ActiveCfg = Release|Any CPU
		{6E77B1CE-6509-49B7-B80D-9ECFCF4BE18B}.Release|Any CPU.Build.0 = Release|Any CPU
		{30268306-D3B5-46FD-BA33-F3776543CB7A}.Debug|Any CPU.ActiveCfg = Debug|Any CPU
		{30268306-D3B5-46FD-BA33-F3776543CB7A}.Debug|Any CPU.Build.0 = Debug|Any CPU
		{30268306-D3B5-46FD-BA33-F3776543CB7A}.Release|Any CPU.ActiveCfg = Release|Any CPU
		{30268306-D3B5-46FD-BA33-F3776543CB7A}.Release|Any CPU.Build.0 = Release|Any CPU
		{EC5635AB-DE6C-4A65-85AC-DDF730127992}.Debug|Any CPU.ActiveCfg = Debug|Any CPU
		{EC5635AB-DE6C-4A65-85AC-DDF730127992}.Debug|Any CPU.Build.0 = Debug|Any CPU
		{EC5635AB-DE6C-4A65-85AC-DDF730127992}.Release|Any CPU.ActiveCfg = Release|Any CPU
		{EC5635AB-DE6C-4A65-85AC-DDF730127992}.Release|Any CPU.Build.0 = Release|Any CPU
	EndGlobalSection
	GlobalSection(SolutionProperties) = preSolution
		HideSolutionNode = FALSE
	EndGlobalSection
	GlobalSection(NestedProjects) = preSolution
		{0472F61E-33DD-418A-9384-F9BF4A5F9B69} = {C266D2AA-A1A6-41E4-9FC7-B6E483CB9C84}
		{7068C82F-7C29-4FBF-BED6-3A55859FD388} = {C4113071-22F6-498F-AD28-20BAE2B63C30}
		{992799E9-FE44-410E-AE5B-D9BACAE9F1AF} = {96B3C8E4-CE61-4495-BF91-EBB8E091D16B}
		{D36B6AD0-643D-4AE4-806C-DD2CB7C688F7} = {96B3C8E4-CE61-4495-BF91-EBB8E091D16B}
		{10D4B2E0-7B5B-4E73-AE4A-0D48B364D735} = {CC70BEE7-44DD-4274-819E-3BACF20EC465}
		{BFFF4A7D-ECED-44F0-B29A-F704BEF12C48} = {EB5D8E23-C1AC-4F94-A9FE-8B45825DB25C}
		{567E591A-3464-4ACD-832C-7B39510F7742} = {C4113071-22F6-498F-AD28-20BAE2B63C30}
		{31BEFF87-1B1E-48B5-918E-645577416DF1} = {C4113071-22F6-498F-AD28-20BAE2B63C30}
		{23616759-7EC1-4C45-9C03-13A954D9372D} = {C4113071-22F6-498F-AD28-20BAE2B63C30}
		{23230FF8-DB56-4036-9EEA-1DAD1B029D4C} = {CC70BEE7-44DD-4274-819E-3BACF20EC465}
		{C65BDB0C-8D8C-4AE1-BDBD-E25618D2DAC2} = {96B3C8E4-CE61-4495-BF91-EBB8E091D16B}
		{6F45BB70-420F-4ACF-A507-F40860058F6C} = {CC70BEE7-44DD-4274-819E-3BACF20EC465}
		{DADA1EE9-6001-4100-B27E-519BDEF08BF2} = {57D2BE7B-52F7-4C0E-82CC-BA7F2D1A27FA}
		{CAE75F62-65C3-405C-B94E-EAF03FC663C1} = {57D2BE7B-52F7-4C0E-82CC-BA7F2D1A27FA}
		{BA4F9E06-8715-4838-B1F3-A465854E4398} = {42AE387D-3C34-4A62-8BCE-90C4512BC2EB}
		{DEAB9D05-55A0-410A-AA25-CDA6EEEE0DEF} = {EB5D8E23-C1AC-4F94-A9FE-8B45825DB25C}
		{7125E566-C33B-44D2-8B2E-9A56828FC2B1} = {42AE387D-3C34-4A62-8BCE-90C4512BC2EB}
		{0806DCA9-2C8E-4319-B5EC-69AD5F3E9A61} = {42AE387D-3C34-4A62-8BCE-90C4512BC2EB}
		{59577D84-4953-4B59-9AAE-A046515C440D} = {C4113071-22F6-498F-AD28-20BAE2B63C30}
		{6E77B1CE-6509-49B7-B80D-9ECFCF4BE18B} = {CC70BEE7-44DD-4274-819E-3BACF20EC465}
		{30268306-D3B5-46FD-BA33-F3776543CB7A} = {EB5D8E23-C1AC-4F94-A9FE-8B45825DB25C}
		{EC5635AB-DE6C-4A65-85AC-DDF730127992} = {C4113071-22F6-498F-AD28-20BAE2B63C30}
	EndGlobalSection
EndGlobal
